<?xml version="1.0" encoding="utf-8"?>
<Project ToolsVersion="4.0" xmlns="http://schemas.microsoft.com/developer/msbuild/2003">
  <ItemGroup>
    <Filter Include="源文件">
      <UniqueIdentifier>{4FC737F1-C7A5-4376-A066-2A32D752A2FF}</UniqueIdentifier>
      <Extensions>cpp;c;cc;cxx;def;odl;idl;hpj;bat;asm;asmx</Extensions>
    </Filter>
    <Filter Include="头文件">
      <UniqueIdentifier>{93995380-89BD-4b04-88EB-625FBE52EBFB}</UniqueIdentifier>
      <Extensions>h;hh;hpp;hxx;hm;inl;inc;ipp;xsd</Extensions>
    </Filter>
    <Filter Include="资源文件">
      <UniqueIdentifier>{67DA6AB6-F800-4c08-8B7A-83BB121AAD01}</UniqueIdentifier>
      <Extensions>rc;ico;cur;bmp;dlg;rc2;rct;bin;rgs;gif;jpg;jpeg;jpe;resx;tiff;tif;png;wav;mfcribbon-ms</Extensions>
    </Filter>
    <Filter Include="common">
      <UniqueIdentifier>{35226355-330b-465b-a8f4-d5103277aa55}</UniqueIdentifier>
    </Filter>
  </ItemGroup>
  <ItemGroup>
    <ClCompile Include="base.cpp">
      <Filter>源文件</Filter>
    </ClCompile>
    <ClCompile Include="bloom.cpp">
      <Filter>源文件</Filter>
    </ClCompile>
    <ClCompile Include="deferred_shading.cpp">
      <Filter>源文件</Filter>
    </ClCompile>
    <ClCompile Include="blending_discard.cpp">
      <Filter>源文件</Filter>
    </ClCompile>
    <ClCompile Include="ParticleSystem.cpp">
      <Filter>源文件</Filter>
    </ClCompile>
    <ClCompile Include="billboard.cpp">
      <Filter>源文件</Filter>
    </ClCompile>
    <ClCompile Include="normal_mapping.cpp">
      <Filter>源文件</Filter>
    </ClCompile>
    <ClCompile Include="common\glad.c">
      <Filter>common</Filter>
    </ClCompile>
    <ClCompile Include="common\stb_image.cpp">
      <Filter>common</Filter>
    </ClCompile>
    <ClCompile Include="text_freetype.cpp">
      <Filter>源文件</Filter>
    </ClCompile>
    <ClCompile Include="text_uv.cpp">
      <Filter>源文件</Filter>
    </ClCompile>
    <ClCompile Include="common\texture.cpp">
      <Filter>源文件</Filter>
    </ClCompile>
  </ItemGroup>
  <ItemGroup>
    <None Include="shaders\bloom\bloom.fs" />
    <None Include="shaders\bloom\bloom.vs" />
    <None Include="shaders\bloom\light_box.fs" />
    <None Include="shaders\bloom\light_box.vs" />
    <None Include="shaders\bloom\bloom_final.vs" />
    <None Include="shaders\bloom\bloom_final.fs" />
    <None Include="shaders\bloom\blur.fs" />
    <None Include="shaders\bloom\blur.vs" />
    <None Include="shaders\deferred_shading\g_buffer.vs" />
    <None Include="shaders\deferred_shading\g_buffer.fs" />
    <None Include="shaders\deferred_shading\deferred_shading.vs" />
    <None Include="shaders\deferred_shading\deferred_shading.fs" />
    <None Include="shaders\deferred_shading\deferred_light_box.vs" />
    <None Include="shaders\deferred_shading\deferred_light_box.fs" />
    <None Include="shaders\blending_discard\blending.vs" />
    <None Include="shaders\blending_discard\blending.fs" />
    <None Include="shaders\particle_system\particle_system.vs" />
    <None Include="shaders\particle_system\particle_system.fs" />
    <None Include="shaders\billboard\billboard.vs" />
    <None Include="shaders\billboard\billboard.fs" />
    <None Include="shaders\billboard\cube.vs" />
    <None Include="shaders\billboard\cube.fs" />
    <None Include="shaders\text_freetype\text.fs" />
    <None Include="shaders\text_freetype\text.vs" />
    <None Include="shaders\text_uv\text_uv.fs" />
    <None Include="shaders\text_uv\text_uv.vs" />
  </ItemGroup>
  <ItemGroup>
    <ClInclude Include="common\camera.h">
      <Filter>common</Filter>
    </ClInclude>
    <ClInclude Include="common\Mesh.h">
      <Filter>common</Filter>
    </ClInclude>
    <ClInclude Include="common\Model.h">
      <Filter>common</Filter>
    </ClInclude>
    <ClInclude Include="common\opengl_debug.h">
      <Filter>common</Filter>
    </ClInclude>
    <ClInclude Include="common\Shader.h">
      <Filter>common</Filter>
    </ClInclude>
    <ClInclude Include="common\stb_image.h">
      <Filter>common</Filter>
    </ClInclude>
    <ClInclude Include="common\texture.h">
      <Filter>头文件</Filter>
    </ClInclude>
    <ClInclude Include="common\Text2D.h">
      <Filter>头文件</Filter>
    </ClInclude>
  </ItemGroup>
</Project>